
Microsoft Visual Studio Solution File, Format Version 12.00
# Visual Studio Version 17
VisualStudioVersion = 17.4.33122.133
MinimumVisualStudioVersion = 10.0.40219.1
Project("{8BC9CEB8-8B4A-11D0-8D11-00A0C91BC942}") = "01-模板方法模式", "01-模板方法模式.vcxproj", "{B59B5323-E9A7-4B32-9395-38BDB47BD3E4}"
EndProject
Global
	GlobalSection(SolutionConfigurationPlatforms) = preSolution
		Debug|x64 = Debug|x64
		Debug|x86 = Debug|x86
		Release|x64 = Release|x64
		Release|x86 = Release|x86
	EndGlobalSection
	GlobalSection(ProjectConfigurationPlatforms) = postSolution
		{B59B5323-E9A7-4B32-9395-38BDB47BD3E4}.Debug|x64.ActiveCfg = Debug|x64
		{B59B5323-E9A7-4B32-9395-38BDB47BD3E4}.Debug|x64.Build.0 = Debug|x64
		{B59B5323-E9A7-4B32-9395-38BDB47BD3E4}.Debug|x86.ActiveCfg = Debug|Win32
		{B59B5323-E9A7-4B32-9395-38BDB47BD3E4}.Debug|x86.Build.0 = Debug|Win32
		{B59B5323-E9A7-4B32-9395-38BDB47BD3E4}.Release|x64.ActiveCfg = Release|x64
		{B59B5323-E9A7-4B32-9395-38BDB47BD3E4}.Release|x64.Build.0 = Release|x64
		{B59B5323-E9A7-4B32-9395-38BDB47BD3E4}.Release|x86.ActiveCfg = Release|Win32
		{B59B5323-E9A7-4B32-9395-38BDB47BD3E4}.Release|x86.Build.0 = Release|Win32
	EndGlobalSection
	GlobalSection(SolutionProperties) = preSolution
		HideSolutionNode = FALSE
	EndGlobalSection
	GlobalSection(ExtensibilityGlobals) = postSolution
		SolutionGuid = {22F61A53-1FBD-4C59-B9BB-6A57F46D4A5F}
	EndGlobalSection
EndGlobal
